
Microsoft Visual Studio Solution File, Format Version 12.00
# Visual Studio Version 16
VisualStudioVersion = 16.0.31515.178
MinimumVisualStudioVersion = 10.0.40219.1
Project("{FAE04EC0-301F-11D3-BF4B-00C04F79EFBC}") = "Addressbook_Using-Lambda", "Addressbook_Using-Lambda\Addressbook_Using-Lambda.csproj", "{93049B56-DEF8-4625-B5DA-2A1EFA1026EE}"
EndProject
Global
	GlobalSection(SolutionConfigurationPlatforms) = preSolution
		Debug|Any CPU = Debug|Any CPU
		Release|Any CPU = Release|Any CPU
	EndGlobalSection
	GlobalSection(ProjectConfigurationPlatforms) = postSolution
		{93049B56-DEF8-4625-B5DA-2A1EFA1026EE}.Debug|Any CPU.ActiveCfg = Debug|Any CPU
		{93049B56-DEF8-4625-B5DA-2A1EFA1026EE}.Debug|Any CPU.Build.0 = Debug|Any CPU
		{93049B56-DEF8-4625-B5DA-2A1EFA1026EE}.Release|Any CPU.ActiveCfg = Release|Any CPU
		{93049B56-DEF8-4625-B5DA-2A1EFA1026EE}.Release|Any CPU.Build.0 = Release|Any CPU
	EndGlobalSection
	GlobalSection(SolutionProperties) = preSolution
		HideSolutionNode = FALSE
	EndGlobalSection
	GlobalSection(ExtensibilityGlobals) = postSolution
		SolutionGuid = {2CB90D1F-324A-4CCE-9BE2-727264242F8C}
	EndGlobalSection
EndGlobal
